
Microsoft Visual Studio Solution File, Format Version 12.00
# Visual Studio Version 17
VisualStudioVersion = 17.14.37516.0
MinimumVisualStudioVersion = 10.0.40219.1
Project("{FAE04EC0-301F-11D3-BF4B-00C04F79EFBC}") = "ccc.test", "ccc.test\ccc.test.csproj", "{9E44CE1F-F6EC-4D2E-87B5-E9409C6A6E05}"
EndProject
Project("{FAE04EC0-301F-11D3-BF4B-00C04F79EFBC}") = "syc.test", "syc.test\syc.test.csproj", "{95D1CCCD-21D0-4138-852E-BCE0CB299BD3}"
EndProject
Project("{FAE04EC0-301F-11D3-BF4B-00C04F79EFBC}") = "zerocurve.test", "zerocurve.test\zerocurve.test.csproj", "{FF5C14D8-1F98-77A9-55CA-500DB81D61C4}"
EndProject
Global
	GlobalSection(SolutionConfigurationPlatforms) = preSolution
		Debug|Any CPU = Debug|Any CPU
		Release|Any CPU = Release|Any CPU
	EndGlobalSection
	GlobalSection(ProjectConfigurationPlatforms) = postSolution
		{9E44CE1F-F6EC-4D2E-87B5-E9409C6A6E05}.Debug|Any CPU.ActiveCfg = Debug|Any CPU
		{9E44CE1F-F6EC-4D2E-87B5-E9409C6A6E05}.Debug|Any CPU.Build.0 = Debug|Any CPU
		{9E44CE1F-F6EC-4D2E-87B5-E9409C6A6E05}.Release|Any CPU.ActiveCfg = Release|Any CPU
		{9E44CE1F-F6EC-4D2E-87B5-E9409C6A6E05}.Release|Any CPU.Build.0 = Release|Any CPU
		{95D1CCCD-21D0-4138-852E-BCE0CB299BD3}.Debug|Any CPU.ActiveCfg = Debug|Any CPU
		{95D1CCCD-21D0-4138-852E-BCE0CB299BD3}.Debug|Any CPU.Build.0 = Debug|Any CPU
		{95D1CCCD-21D0-4138-852E-BCE0CB299BD3}.Release|Any CPU.ActiveCfg = Release|Any CPU
		{95D1CCCD-21D0-4138-852E-BCE0CB299BD3}.Release|Any CPU.Build.0 = Release|Any CPU
		{FF5C14D8-1F98-77A9-55CA-500DB81D61C4}.Debug|Any CPU.ActiveCfg = Debug|Any CPU
		{FF5C14D8-1F98-77A9-55CA-500DB81D61C4}.Debug|Any CPU.Build.0 = Debug|Any CPU
		{FF5C14D8-1F98-77A9-55CA-500DB81D61C4}.Release|Any CPU.ActiveCfg = Release|Any CPU
		{FF5C14D8-1F98-77A9-55CA-500DB81D61C4}.Release|Any CPU.Build.0 = Release|Any CPU
	EndGlobalSection
	GlobalSection(SolutionProperties) = preSolution
		HideSolutionNode = FALSE
	EndGlobalSection
	GlobalSection(ExtensibilityGlobals) = postSolution
		SolutionGuid = {3EA71F90-FA65-4D5A-A533-4973B1587EE7}
	EndGlobalSection
EndGlobal
